
Microsoft Visual Studio Solution File, Format Version 12.00
# Visual Studio Version 17
VisualStudioVersion = 17.3.32922.545
MinimumVisualStudioVersion = 10.0.40219.1
Project("{FAE04EC0-301F-11D3-BF4B-00C04F79EFBC}") = "APIClient", "APIClient\APIClient.csproj", "{574354AC-D057-4889-AF40-5703F27F3C85}"
EndProject
Project("{FAE04EC0-301F-11D3-BF4B-00C04F79EFBC}") = "APIConsoleDEMO", "APIConsoleDEMO\APIConsoleDEMO.csproj", "{BADB6BC0-C066-43D5-AF9A-704E72AA9444}"
EndProject
Global
	GlobalSection(SolutionConfigurationPlatforms) = preSolution
		Debug|Any CPU = Debug|Any CPU
		Release|Any CPU = Release|Any CPU
	EndGlobalSection
	GlobalSection(ProjectConfigurationPlatforms) = postSolution
		{574354AC-D057-4889-AF40-5703F27F3C85}.Debug|Any CPU.ActiveCfg = Debug|Any CPU
		{574354AC-D057-4889-AF40-5703F27F3C85}.Debug|Any CPU.Build.0 = Debug|Any CPU
		{574354AC-D057-4889-AF40-5703F27F3C85}.Release|Any CPU.ActiveCfg = Release|Any CPU
		{574354AC-D057-4889-AF40-5703F27F3C85}.Release|Any CPU.Build.0 = Release|Any CPU
		{BADB6BC0-C066-43D5-AF9A-704E72AA9444}.Debug|Any CPU.ActiveCfg = Debug|Any CPU
		{BADB6BC0-C066-43D5-AF9A-704E72AA9444}.Debug|Any CPU.Build.0 = Debug|Any CPU
		{BADB6BC0-C066-43D5-AF9A-704E72AA9444}.Release|Any CPU.ActiveCfg = Release|Any CPU
		{BADB6BC0-C066-43D5-AF9A-704E72AA9444}.Release|Any CPU.Build.0 = Release|Any CPU
	EndGlobalSection
	GlobalSection(SolutionProperties) = preSolution
		HideSolutionNode = FALSE
	EndGlobalSection
	GlobalSection(ExtensibilityGlobals) = postSolution
		SolutionGuid = {A75C8901-2250-47EE-A577-753B6B9CCEA6}
	EndGlobalSection
EndGlobal
